{
  "name": "QoreTracking",
  "lockfileVersion": 3,
  "requires": true,
  "packages": {
    "": {
      "dependencies": {
        "@tabler/icons": "^3.10.0",
        "react-live-clock": "^6.1.23-beta"
      }
    },
    "node_modules/@tabler/icons": {
      "version": "3.10.0",
      "license": "MIT",
      "funding": {
        "type": "github",
        "url": "https://github.com/sponsors/codecalm"
      }
    },
    "node_modules/js-tokens": {
      "version": "4.0.0",
      "license": "MIT",
      "peer": true
    },
    "node_modules/loose-envify": {
      "version": "1.4.0",
      "license": "MIT",
      "peer": true,
      "dependencies": {
        "js-tokens": "^3.0.0 || ^4.0.0"
      },
      "bin": {
        "loose-envify": "cli.js"
      }
    },
    "node_modules/moment": {
      "version": "2.30.1",
      "license": "MIT",
      "engines": {
        "node": "*"
      }
    },
    "node_modules/moment-timezone": {
      "version": "0.5.45",
      "license": "MIT",
      "dependencies": {
        "moment": "^2.29.4"
      },
      "engines": {
        "node": "*"
      }
    },
    "node_modules/object-assign": {
      "version": "4.1.1",
      "license": "MIT",
      "peer": true,
      "engines": {
        "node": ">=0.10.0"
      }
    },
    "node_modules/prop-types": {
      "version": "15.8.1",
      "license": "MIT",
      "peer": true,
      "dependencies": {
        "loose-envify": "^1.4.0",
        "object-assign": "^4.1.1",
        "react-is": "^16.13.1"
      }
    },
    "node_modules/prop-types/node_modules/react-is": {
      "version": "16.13.1",
      "license": "MIT",
      "peer": true
    },
    "node_modules/react": {
      "version": "18.3.1",
      "license": "MIT",
      "peer": true,
      "dependencies": {
        "loose-envify": "^1.1.0"
      },
      "engines": {
        "node": ">=0.10.0"
      }
    },
    "node_modules/react-live-clock": {
      "version": "6.1.23-beta",
      "license": "MIT",
      "dependencies": {
        "moment": "^2.29.1",
        "moment-timezone": "^0.5.33"
      },
      "peerDependencies": {
        "react": "^16.14.0 || ^17 || ^18",
        "react-moment": "1.1.3"
      }
    },
    "node_modules/react-moment": {
      "version": "1.1.3",
      "license": "MIT",
      "peer": true,
      "peerDependencies": {
        "moment": "^2.29.0",
        "prop-types": "^15.7.0",
        "react": "^16.0 || ^17.0.0 || ^18.0.0"
      }
    }
  }
}
